{
  "name": "playground_stuff_test",
  "version": "1.0.0",
  "lockfileVersion": 1,
  "requires": true,
  "dependencies": {
    "banach-analysis": {
      "version": "0.8.5",
      "resolved": "https://registry.npmjs.org/banach-analysis/-/banach-analysis-0.8.5.tgz",
      "integrity": "sha512-IlxZixbEPxT0qOGJJ5G0hmNRYHSAlnTDfGJTsmPkTMyS9UsXNihgOgcHbM+XpYym0nIWAV2s6YmihlQ/fMNXaw=="
    },
    "xliff_to_json_converter": {
      "version": "0.0.7",
      "resolved": "https://registry.npmjs.org/xliff_to_json_converter/-/xliff_to_json_converter-0.0.7.tgz",
      "integrity": "sha512-wlfqBvKYZfxzO1kq/PkQfwT6g20sarA7bSJ86oe06zcSw+keQdMdISajP/R3ybaCutY8Wdt24sYABy/gBRAooQ==",
      "requires": {
        "banach-analysis": "0.8.5",
        "xmldom": "0.1.27"
      }
    },
    "xmldom": {
      "version": "0.1.27",
      "resolved": "https://registry.npmjs.org/xmldom/-/xmldom-0.1.27.tgz",
      "integrity": "sha1-1QH5ezvbQDr4757MIFcxh6rawOk="
    }
  }
}
